{
  "requires": true,
  "lockfileVersion": 1,
  "dependencies": {
    "express-firebase-middleware": {
      "version": "3.0.0",
      "resolved": "https://registry.npmjs.org/express-firebase-middleware/-/express-firebase-middleware-3.0.0.tgz",
      "integrity": "sha512-7BtKB5AZqjb4pmpMdsID4DEDcsajd6HBSzjrVXqt+QfqDE6V4tU2tgELz6E0zoIk9AwT1Kv/U+3zno2KPGKK0w=="
    }
  }
}
